// !$*UTF8*$!
{
	archiveVersion = 1;
	classes = {
	};
	objectVersion = 56;
	objects = {

/* Begin PBXBuildFile section */
		1A0000000000000000000020 /* MachlaApp.swift in Sources */ = {isa = PBXBuildFile; fileRef = 1A0000000000000000000010 /* MachlaApp.swift */; };
		1A0000000000000000000021 /* AppDelegate.swift in Sources */ = {isa = PBXBuildFile; fileRef = 1A0000000000000000000011 /* AppDelegate.swift */; };
		1A0000000000000000000022 /* NativeBridge.swift in Sources */ = {isa = PBXBuildFile; fileRef = 1A0000000000000000000012 /* NativeBridge.swift */; };
		1A0000000000000000000023 /* WebAppView.swift in Sources */ = {isa = PBXBuildFile; fileRef = 1A0000000000000000000013 /* WebAppView.swift */; };
		1A0000000000000000000024 /* Config.swift in Sources */ = {isa = PBXBuildFile; fileRef = 1A0000000000000000000014 /* Config.swift */; };
		1A0000000000000000000027 /* Strings.swift in Sources */ = {isa = PBXBuildFile; fileRef = 1A0000000000000000000019 /* Strings.swift */; };
		1A0000000000000000000025 /* Assets.xcassets in Resources */ = {isa = PBXBuildFile; fileRef = 1A0000000000000000000015 /* Assets.xcassets */; };
		1A0000000000000000000026 /* PrivacyInfo.xcprivacy in Resources */ = {isa = PBXBuildFile; fileRef = 1A0000000000000000000017 /* PrivacyInfo.xcprivacy */; };
/* End PBXBuildFile section */

/* Begin PBXFileReference section */
		1A0000000000000000000006 /* Machla.app */ = {isa = PBXFileReference; explicitFileType = wrapper.application; includeInIndex = 0; path = Machla.app; sourceTree = BUILT_PRODUCTS_DIR; };
		1A0000000000000000000010 /* MachlaApp.swift */ = {isa = PBXFileReference; lastKnownFileType = sourcecode.swift; path = MachlaApp.swift; sourceTree = "<group>"; };
		1A0000000000000000000011 /* AppDelegate.swift */ = {isa = PBXFileReference; lastKnownFileType = sourcecode.swift; path = AppDelegate.swift; sourceTree = "<group>"; };
		1A0000000000000000000012 /* NativeBridge.swift */ = {isa = PBXFileReference; lastKnownFileType = sourcecode.swift; path = NativeBridge.swift; sourceTree = "<group>"; };
		1A0000000000000000000013 /* WebAppView.swift */ = {isa = PBXFileReference; lastKnownFileType = sourcecode.swift; path = WebAppView.swift; sourceTree = "<group>"; };
		1A0000000000000000000014 /* Config.swift */ = {isa = PBXFileReference; lastKnownFileType = sourcecode.swift; path = Config.swift; sourceTree = "<group>"; };
		1A0000000000000000000019 /* Strings.swift */ = {isa = PBXFileReference; lastKnownFileType = sourcecode.swift; path = Strings.swift; sourceTree = "<group>"; };
		1A0000000000000000000015 /* Assets.xcassets */ = {isa = PBXFileReference; lastKnownFileType = folder.assetcatalog; path = Assets.xcassets; sourceTree = "<group>"; };
		1A0000000000000000000016 /* Info.plist */ = {isa = PBXFileReference; lastKnownFileType = text.plist.xml; path = Info.plist; sourceTree = "<group>"; };
		1A0000000000000000000017 /* PrivacyInfo.xcprivacy */ = {isa = PBXFileReference; lastKnownFileType = text.xml; path = PrivacyInfo.xcprivacy; sourceTree = "<group>"; };
		1A0000000000000000000018 /* Machla.entitlements */ = {isa = PBXFileReference; lastKnownFileType = text.plist.entitlements; path = Machla.entitlements; sourceTree = "<group>"; };
/* End PBXFileReference section */

/* Begin PBXFrameworksBuildPhase section */
		1A000000000000000000000F /* Frameworks */ = {
			isa = PBXFrameworksBuildPhase;
			buildActionMask = 2147483647;
			files = (
			);
			runOnlyForDeploymentPostprocessing = 0;
		};
/* End PBXFrameworksBuildPhase section */

/* Begin PBXGroup section */
		1A0000000000000000000002 = {
			isa = PBXGroup;
			children = (
				1A0000000000000000000003 /* Machla */,
				1A0000000000000000000004 /* Products */,
			);
			sourceTree = "<group>";
		};
		1A0000000000000000000003 /* Machla */ = {
			isa = PBXGroup;
			children = (
				1A0000000000000000000010 /* MachlaApp.swift */,
				1A0000000000000000000011 /* AppDelegate.swift */,
				1A0000000000000000000012 /* NativeBridge.swift */,
				1A0000000000000000000013 /* WebAppView.swift */,
				1A0000000000000000000014 /* Config.swift */,
				1A0000000000000000000019 /* Strings.swift */,
				1A0000000000000000000015 /* Assets.xcassets */,
				1A0000000000000000000016 /* Info.plist */,
				1A0000000000000000000017 /* PrivacyInfo.xcprivacy */,
				1A0000000000000000000018 /* Machla.entitlements */,
			);
			path = Machla;
			sourceTree = "<group>";
		};
		1A0000000000000000000004 /* Products */ = {
			isa = PBXGroup;
			children = (
				1A0000000000000000000006 /* Machla.app */,
			);
			name = Products;
			sourceTree = "<group>";
		};
/* End PBXGroup section */

/* Begin PBXNativeTarget section */
		1A0000000000000000000005 /* Machla */ = {
			isa = PBXNativeTarget;
			buildConfigurationList = 1A0000000000000000000008 /* Build configuration list for PBXNativeTarget "Machla" */;
			buildPhases = (
				1A000000000000000000000D /* Sources */,
				1A000000000000000000000F /* Frameworks */,
				1A000000000000000000000E /* Resources */,
			);
			buildRules = (
			);
			dependencies = (
			);
			name = Machla;
			productName = Machla;
			productReference = 1A0000000000000000000006 /* Machla.app */;
			productType = "com.apple.product-type.application";
		};
/* End PBXNativeTarget section */

/* Begin PBXProject section */
		1A0000000000000000000001 /* Project object */ = {
			isa = PBXProject;
			attributes = {
				BuildIndependentTargetsInParallel = 1;
				LastSwiftUpdateCheck = 1600;
				LastUpgradeCheck = 1600;
				TargetAttributes = {
					1A0000000000000000000005 = {
						CreatedOnToolsVersion = 16.0;
					};
				};
			};
			buildConfigurationList = 1A0000000000000000000007 /* Build configuration list for PBXProject "Machla" */;
			compatibilityVersion = "Xcode 14.0";
			developmentRegion = en;
			hasScannedForEncodings = 0;
			knownRegions = (
				en,
				Base,
			);
			mainGroup = 1A0000000000000000000002;
			productRefGroup = 1A0000000000000000000004 /* Products */;
			projectDirPath = "";
			projectRoot = "";
			targets = (
				1A0000000000000000000005 /* Machla */,
			);
		};
/* End PBXProject section */

/* Begin PBXResourcesBuildPhase section */
		1A000000000000000000000E /* Resources */ = {
			isa = PBXResourcesBuildPhase;
			buildActionMask = 2147483647;
			files = (
				1A0000000000000000000025 /* Assets.xcassets in Resources */,
				1A0000000000000000000026 /* PrivacyInfo.xcprivacy in Resources */,
			);
			runOnlyForDeploymentPostprocessing = 0;
		};
/* End PBXResourcesBuildPhase section */

/* Begin PBXSourcesBuildPhase section */
		1A000000000000000000000D /* Sources */ = {
			isa = PBXSourcesBuildPhase;
			buildActionMask = 2147483647;
			files = (
				1A0000000000000000000020 /* MachlaApp.swift in Sources */,
				1A0000000000000000000021 /* AppDelegate.swift in Sources */,
				1A0000000000000000000022 /* NativeBridge.swift in Sources */,
				1A0000000000000000000023 /* WebAppView.swift in Sources */,
				1A0000000000000000000024 /* Config.swift in Sources */,
				1A0000000000000000000027 /* Strings.swift in Sources */,
			);
			runOnlyForDeploymentPostprocessing = 0;
		};
/* End PBXSourcesBuildPhase section */

/* Begin XCBuildConfiguration section */
		1A0000000000000000000009 /* Debug */ = {
			isa = XCBuildConfiguration;
			buildSettings = {
				ALWAYS_SEARCH_USER_PATHS = NO;
				CLANG_ENABLE_MODULES = YES;
				CLANG_ENABLE_OBJC_ARC = YES;
				COPY_PHASE_STRIP = NO;
				DEBUG_INFORMATION_FORMAT = dwarf;
				ENABLE_STRICT_OBJC_MSGSEND = YES;
				ENABLE_TESTABILITY = YES;
				GCC_C_LANGUAGE_STANDARD = gnu17;
				GCC_DYNAMIC_NO_PIC = NO;
				GCC_NO_COMMON_BLOCKS = YES;
				GCC_OPTIMIZATION_LEVEL = 0;
				GCC_PREPROCESSOR_DEFINITIONS = (
					"DEBUG=1",
					"$(inherited)",
				);
				IPHONEOS_DEPLOYMENT_TARGET = 16.0;
				MTL_ENABLE_DEBUG_INFO = INCLUDE_SOURCE;
				MTL_FAST_MATH = YES;
				ONLY_ACTIVE_ARCH = YES;
				SDKROOT = iphoneos;
				SWIFT_ACTIVE_COMPILATION_CONDITIONS = "DEBUG $(inherited)";
				SWIFT_OPTIMIZATION_LEVEL = "-Onone";
			};
			name = Debug;
		};
		1A000000000000000000000A /* Release */ = {
			isa = XCBuildConfiguration;
			buildSettings = {
				ALWAYS_SEARCH_USER_PATHS = NO;
				CLANG_ENABLE_MODULES = YES;
				CLANG_ENABLE_OBJC_ARC = YES;
				COPY_PHASE_STRIP = NO;
				DEBUG_INFORMATION_FORMAT = "dwarf-with-dsym";
				ENABLE_NS_ASSERTIONS = NO;
				ENABLE_STRICT_OBJC_MSGSEND = YES;
				GCC_C_LANGUAGE_STANDARD = gnu17;
				GCC_NO_COMMON_BLOCKS = YES;
				IPHONEOS_DEPLOYMENT_TARGET = 16.0;
				MTL_ENABLE_DEBUG_INFO = NO;
				MTL_FAST_MATH = YES;
				SDKROOT = iphoneos;
				SWIFT_COMPILATION_MODE = wholemodule;
				VALIDATE_PRODUCT = YES;
			};
			name = Release;
		};
		1A000000000000000000000B /* Debug */ = {
			isa = XCBuildConfiguration;
			buildSettings = {
				ASSETCATALOG_COMPILER_APPICON_NAME = AppIcon;
				CODE_SIGN_ENTITLEMENTS = Machla/Machla.entitlements;
				CODE_SIGN_STYLE = Automatic;
				CURRENT_PROJECT_VERSION = 5;
				DEVELOPMENT_TEAM = "";
				ENABLE_USER_SCRIPT_SANDBOXING = YES;
				GENERATE_INFOPLIST_FILE = NO;
				INFOPLIST_FILE = Machla/Info.plist;
				LD_RUNPATH_SEARCH_PATHS = (
					"$(inherited)",
					"@executable_path/Frameworks",
				);
				MARKETING_VERSION = 1.0;
				PRODUCT_BUNDLE_IDENTIFIER = app.reemora.machla;
				PRODUCT_NAME = "$(TARGET_NAME)";
				SWIFT_EMIT_LOC_STRINGS = YES;
				SWIFT_VERSION = 5.0;
				TARGETED_DEVICE_FAMILY = "1,2";
			};
			name = Debug;
		};
		1A000000000000000000000C /* Release */ = {
			isa = XCBuildConfiguration;
			buildSettings = {
				ASSETCATALOG_COMPILER_APPICON_NAME = AppIcon;
				CODE_SIGN_ENTITLEMENTS = Machla/Machla.entitlements;
				CODE_SIGN_STYLE = Automatic;
				CURRENT_PROJECT_VERSION = 5;
				DEVELOPMENT_TEAM = "";
				ENABLE_USER_SCRIPT_SANDBOXING = YES;
				GENERATE_INFOPLIST_FILE = NO;
				INFOPLIST_FILE = Machla/Info.plist;
				LD_RUNPATH_SEARCH_PATHS = (
					"$(inherited)",
					"@executable_path/Frameworks",
				);
				MARKETING_VERSION = 1.0;
				PRODUCT_BUNDLE_IDENTIFIER = app.reemora.machla;
				PRODUCT_NAME = "$(TARGET_NAME)";
				SWIFT_EMIT_LOC_STRINGS = YES;
				SWIFT_VERSION = 5.0;
				TARGETED_DEVICE_FAMILY = "1,2";
			};
			name = Release;
		};
/* End XCBuildConfiguration section */

/* Begin XCConfigurationList section */
		1A0000000000000000000007 /* Build configuration list for PBXProject "Machla" */ = {
			isa = XCConfigurationList;
			buildConfigurations = (
				1A0000000000000000000009 /* Debug */,
				1A000000000000000000000A /* Release */,
			);
			defaultConfigurationIsVisible = 0;
			defaultConfigurationName = Release;
		};
		1A0000000000000000000008 /* Build configuration list for PBXNativeTarget "Machla" */ = {
			isa = XCConfigurationList;
			buildConfigurations = (
				1A000000000000000000000B /* Debug */,
				1A000000000000000000000C /* Release */,
			);
			defaultConfigurationIsVisible = 0;
			defaultConfigurationName = Release;
		};
/* End XCConfigurationList section */
	};
	rootObject = 1A0000000000000000000001 /* Project object */;
}
